// !$*UTF8*$!
{
	archiveVersion = 1;
	classes = {
	};
	objectVersion = 50;
	objects = {

/* Begin PBXBuildFile section */
		C215D36725586CD5004F3A77 /* PJCOAuth2Service+Additions.swift in Sources */ = {isa = PBXBuildFile; fileRef = C215D36625586CD5004F3A77 /* PJCOAuth2Service+Additions.swift */; };
		C215D38125598CE3004F3A77 /* PJCOAuth2ConsentService+Additions.swift in Sources */ = {isa = PBXBuildFile; fileRef = C215D38025598CE3004F3A77 /* PJCOAuth2ConsentService+Additions.swift */; };
		C215D3892559A12C004F3A77 /* PJCOAuth2TokenService+Additions.swift in Sources */ = {isa = PBXBuildFile; fileRef = C215D3882559A12C004F3A77 /* PJCOAuth2TokenService+Additions.swift */; };
		C274618B2558087A00661464 /* PJCOAuth2TokenService.swift in Sources */ = {isa = PBXBuildFile; fileRef = C274618A2558087A00661464 /* PJCOAuth2TokenService.swift */; };
		C28FB2982565376600B29927 /* PJCOAuth2Controller.swift in Sources */ = {isa = PBXBuildFile; fileRef = C28FB2972565376600B29927 /* PJCOAuth2Controller.swift */; };
		C293037D254C32B900708DB3 /* PJCAppDelegate.swift in Sources */ = {isa = PBXBuildFile; fileRef = C293037C254C32B900708DB3 /* PJCAppDelegate.swift */; };
		C293037F254C32B900708DB3 /* PJCSceneDelegate.swift in Sources */ = {isa = PBXBuildFile; fileRef = C293037E254C32B900708DB3 /* PJCSceneDelegate.swift */; };
		C2930381254C32B900708DB3 /* PJCOAuth2ViewController.swift in Sources */ = {isa = PBXBuildFile; fileRef = C2930380254C32B900708DB3 /* PJCOAuth2ViewController.swift */; };
		C2930384254C32B900708DB3 /* Main.storyboard in Resources */ = {isa = PBXBuildFile; fileRef = C2930382254C32B900708DB3 /* Main.storyboard */; };
		C2930386254C32BA00708DB3 /* Assets.xcassets in Resources */ = {isa = PBXBuildFile; fileRef = C2930385254C32BA00708DB3 /* Assets.xcassets */; };
		C2930389254C32BA00708DB3 /* LaunchScreen.storyboard in Resources */ = {isa = PBXBuildFile; fileRef = C2930387254C32BA00708DB3 /* LaunchScreen.storyboard */; };
		C2930394254C32BA00708DB3 /* SwiftOAuth2ClientTests.swift in Sources */ = {isa = PBXBuildFile; fileRef = C2930393254C32BA00708DB3 /* SwiftOAuth2ClientTests.swift */; };
		C293039F254C32BA00708DB3 /* SwiftOAuth2ClientUITests.swift in Sources */ = {isa = PBXBuildFile; fileRef = C293039E254C32BA00708DB3 /* SwiftOAuth2ClientUITests.swift */; };
		C29303C4254C342A00708DB3 /* PJCOAuth2View.swift in Sources */ = {isa = PBXBuildFile; fileRef = C29303C3254C342A00708DB3 /* PJCOAuth2View.swift */; };
		C29303D1254C350100708DB3 /* PJCDataService.swift in Sources */ = {isa = PBXBuildFile; fileRef = C29303CD254C350100708DB3 /* PJCDataService.swift */; };
		C29303D2254C350100708DB3 /* PJCDataServiceJSONConsumer.swift in Sources */ = {isa = PBXBuildFile; fileRef = C29303CE254C350100708DB3 /* PJCDataServiceJSONConsumer.swift */; };
		C29303D3254C350100708DB3 /* PJCDataService+Additions.swift in Sources */ = {isa = PBXBuildFile; fileRef = C29303CF254C350100708DB3 /* PJCDataService+Additions.swift */; };
		C29303DA254C353500708DB3 /* Foundation+Additions.swift in Sources */ = {isa = PBXBuildFile; fileRef = C29303D7254C353400708DB3 /* Foundation+Additions.swift */; };
		C29303DB254C353500708DB3 /* URLSession+Additions.swift in Sources */ = {isa = PBXBuildFile; fileRef = C29303D8254C353400708DB3 /* URLSession+Additions.swift */; };
		C29303DC254C353500708DB3 /* UIKit+Additions.swift in Sources */ = {isa = PBXBuildFile; fileRef = C29303D9254C353500708DB3 /* UIKit+Additions.swift */; };
		C29303EC254C359500708DB3 /* PJCAPI.swift in Sources */ = {isa = PBXBuildFile; fileRef = C29303E1254C359500708DB3 /* PJCAPI.swift */; };
		C29303F1254C359500708DB3 /* PJCEnvironment.swift in Sources */ = {isa = PBXBuildFile; fileRef = C29303E6254C359500708DB3 /* PJCEnvironment.swift */; };
		C293043A254C542600708DB3 /* PJCOAuth2ConsentService.swift in Sources */ = {isa = PBXBuildFile; fileRef = C2930439254C542600708DB3 /* PJCOAuth2ConsentService.swift */; };
		C293043F254C576200708DB3 /* PJCOAuth2Service.swift in Sources */ = {isa = PBXBuildFile; fileRef = C293043E254C576200708DB3 /* PJCOAuth2Service.swift */; };
		C293044B254C621900708DB3 /* PJCCrypto.swift in Sources */ = {isa = PBXBuildFile; fileRef = C293044A254C621900708DB3 /* PJCCrypto.swift */; };
		C2B077B02555C7DC001F5B72 /* PJCEndpoint.swift in Sources */ = {isa = PBXBuildFile; fileRef = C2B077AF2555C7DC001F5B72 /* PJCEndpoint.swift */; };
		C2E848D125669EBC00E35CC9 /* PJCDataServiceConsumer+Additions.swift in Sources */ = {isa = PBXBuildFile; fileRef = C2E848D025669EBC00E35CC9 /* PJCDataServiceConsumer+Additions.swift */; };
		C2E848E52566AA3E00E35CC9 /* PJCDataServiceConsumer.swift in Sources */ = {isa = PBXBuildFile; fileRef = C2E848E42566AA3E00E35CC9 /* PJCDataServiceConsumer.swift */; };
/* End PBXBuildFile section */

/* Begin PBXContainerItemProxy section */
		C2930390254C32BA00708DB3 /* PBXContainerItemProxy */ = {
			isa = PBXContainerItemProxy;
			containerPortal = C2930371254C32B900708DB3 /* Project object */;
			proxyType = 1;
			remoteGlobalIDString = C2930378254C32B900708DB3;
			remoteInfo = SwiftOAuth2Client;
		};
		C293039B254C32BA00708DB3 /* PBXContainerItemProxy */ = {
			isa = PBXContainerItemProxy;
			containerPortal = C2930371254C32B900708DB3 /* Project object */;
			proxyType = 1;
			remoteGlobalIDString = C2930378254C32B900708DB3;
			remoteInfo = SwiftOAuth2Client;
		};
/* End PBXContainerItemProxy section */

/* Begin PBXFileReference section */
		C215D36625586CD5004F3A77 /* PJCOAuth2Service+Additions.swift */ = {isa = PBXFileReference; lastKnownFileType = sourcecode.swift; path = "PJCOAuth2Service+Additions.swift"; sourceTree = "<group>"; };
		C215D38025598CE3004F3A77 /* PJCOAuth2ConsentService+Additions.swift */ = {isa = PBXFileReference; lastKnownFileType = sourcecode.swift; path = "PJCOAuth2ConsentService+Additions.swift"; sourceTree = "<group>"; };
		C215D3882559A12C004F3A77 /* PJCOAuth2TokenService+Additions.swift */ = {isa = PBXFileReference; lastKnownFileType = sourcecode.swift; path = "PJCOAuth2TokenService+Additions.swift"; sourceTree = "<group>"; };
		C274618A2558087A00661464 /* PJCOAuth2TokenService.swift */ = {isa = PBXFileReference; lastKnownFileType = sourcecode.swift; path = PJCOAuth2TokenService.swift; sourceTree = "<group>"; };
		C28FB2972565376600B29927 /* PJCOAuth2Controller.swift */ = {isa = PBXFileReference; lastKnownFileType = sourcecode.swift; path = PJCOAuth2Controller.swift; sourceTree = "<group>"; };
		C2930379254C32B900708DB3 /* SwiftOAuth2Client.app */ = {isa = PBXFileReference; explicitFileType = wrapper.application; includeInIndex = 0; path = SwiftOAuth2Client.app; sourceTree = BUILT_PRODUCTS_DIR; };
		C293037C254C32B900708DB3 /* PJCAppDelegate.swift */ = {isa = PBXFileReference; lastKnownFileType = sourcecode.swift; path = PJCAppDelegate.swift; sourceTree = "<group>"; };
		C293037E254C32B900708DB3 /* PJCSceneDelegate.swift */ = {isa = PBXFileReference; lastKnownFileType = sourcecode.swift; path = PJCSceneDelegate.swift; sourceTree = "<group>"; };
		C2930380254C32B900708DB3 /* PJCOAuth2ViewController.swift */ = {isa = PBXFileReference; lastKnownFileType = sourcecode.swift; path = PJCOAuth2ViewController.swift; sourceTree = "<group>"; };
		C2930383254C32B900708DB3 /* Base */ = {isa = PBXFileReference; lastKnownFileType = file.storyboard; name = Base; path = Base.lproj/Main.storyboard; sourceTree = "<group>"; };
		C2930385254C32BA00708DB3 /* Assets.xcassets */ = {isa = PBXFileReference; lastKnownFileType = folder.assetcatalog; path = Assets.xcassets; sourceTree = "<group>"; };
		C2930388254C32BA00708DB3 /* Base */ = {isa = PBXFileReference; lastKnownFileType = file.storyboard; name = Base; path = Base.lproj/LaunchScreen.storyboard; sourceTree = "<group>"; };
		C293038A254C32BA00708DB3 /* Info.plist */ = {isa = PBXFileReference; lastKnownFileType = text.plist.xml; path = Info.plist; sourceTree = "<group>"; };
		C293038F254C32BA00708DB3 /* SwiftOAuth2ClientTests.xctest */ = {isa = PBXFileReference; explicitFileType = wrapper.cfbundle; includeInIndex = 0; path = SwiftOAuth2ClientTests.xctest; sourceTree = BUILT_PRODUCTS_DIR; };
		C2930393254C32BA00708DB3 /* SwiftOAuth2ClientTests.swift */ = {isa = PBXFileReference; lastKnownFileType = sourcecode.swift; path = SwiftOAuth2ClientTests.swift; sourceTree = "<group>"; };
		C2930395254C32BA00708DB3 /* Info.plist */ = {isa = PBXFileReference; lastKnownFileType = text.plist.xml; path = Info.plist; sourceTree = "<group>"; };
		C293039A254C32BA00708DB3 /* SwiftOAuth2ClientUITests.xctest */ = {isa = PBXFileReference; explicitFileType = wrapper.cfbundle; includeInIndex = 0; path = SwiftOAuth2ClientUITests.xctest; sourceTree = BUILT_PRODUCTS_DIR; };
		C293039E254C32BA00708DB3 /* SwiftOAuth2ClientUITests.swift */ = {isa = PBXFileReference; lastKnownFileType = sourcecode.swift; path = SwiftOAuth2ClientUITests.swift; sourceTree = "<group>"; };
		C29303A0254C32BA00708DB3 /* Info.plist */ = {isa = PBXFileReference; lastKnownFileType = text.plist.xml; path = Info.plist; sourceTree = "<group>"; };
		C29303C3254C342A00708DB3 /* PJCOAuth2View.swift */ = {isa = PBXFileReference; lastKnownFileType = sourcecode.swift; path = PJCOAuth2View.swift; sourceTree = "<group>"; };
		C29303CD254C350100708DB3 /* PJCDataService.swift */ = {isa = PBXFileReference; fileEncoding = 4; lastKnownFileType = sourcecode.swift; path = PJCDataService.swift; sourceTree = "<group>"; };
		C29303CE254C350100708DB3 /* PJCDataServiceJSONConsumer.swift */ = {isa = PBXFileReference; fileEncoding = 4; lastKnownFileType = sourcecode.swift; path = PJCDataServiceJSONConsumer.swift; sourceTree = "<group>"; };
		C29303CF254C350100708DB3 /* PJCDataService+Additions.swift */ = {isa = PBXFileReference; fileEncoding = 4; lastKnownFileType = sourcecode.swift; path = "PJCDataService+Additions.swift"; sourceTree = "<group>"; };
		C29303D7254C353400708DB3 /* Foundation+Additions.swift */ = {isa = PBXFileReference; fileEncoding = 4; lastKnownFileType = sourcecode.swift; path = "Foundation+Additions.swift"; sourceTree = "<group>"; };
		C29303D8254C353400708DB3 /* URLSession+Additions.swift */ = {isa = PBXFileReference; fileEncoding = 4; lastKnownFileType = sourcecode.swift; path = "URLSession+Additions.swift"; sourceTree = "<group>"; };
		C29303D9254C353500708DB3 /* UIKit+Additions.swift */ = {isa = PBXFileReference; fileEncoding = 4; lastKnownFileType = sourcecode.swift; path = "UIKit+Additions.swift"; sourceTree = "<group>"; };
		C29303E1254C359500708DB3 /* PJCAPI.swift */ = {isa = PBXFileReference; fileEncoding = 4; lastKnownFileType = sourcecode.swift; path = PJCAPI.swift; sourceTree = "<group>"; };
		C29303E6254C359500708DB3 /* PJCEnvironment.swift */ = {isa = PBXFileReference; fileEncoding = 4; lastKnownFileType = sourcecode.swift; path = PJCEnvironment.swift; sourceTree = "<group>"; };
		C2930439254C542600708DB3 /* PJCOAuth2ConsentService.swift */ = {isa = PBXFileReference; lastKnownFileType = sourcecode.swift; path = PJCOAuth2ConsentService.swift; sourceTree = "<group>"; };
		C293043E254C576200708DB3 /* PJCOAuth2Service.swift */ = {isa = PBXFileReference; lastKnownFileType = sourcecode.swift; path = PJCOAuth2Service.swift; sourceTree = "<group>"; };
		C293044A254C621900708DB3 /* PJCCrypto.swift */ = {isa = PBXFileReference; lastKnownFileType = sourcecode.swift; path = PJCCrypto.swift; sourceTree = "<group>"; };
		C2B077AF2555C7DC001F5B72 /* PJCEndpoint.swift */ = {isa = PBXFileReference; lastKnownFileType = sourcecode.swift; path = PJCEndpoint.swift; sourceTree = "<group>"; };
		C2E848D025669EBC00E35CC9 /* PJCDataServiceConsumer+Additions.swift */ = {isa = PBXFileReference; lastKnownFileType = sourcecode.swift; path = "PJCDataServiceConsumer+Additions.swift"; sourceTree = "<group>"; };
		C2E848E42566AA3E00E35CC9 /* PJCDataServiceConsumer.swift */ = {isa = PBXFileReference; fileEncoding = 4; lastKnownFileType = sourcecode.swift; path = PJCDataServiceConsumer.swift; sourceTree = "<group>"; };
/* End PBXFileReference section */

/* Begin PBXFrameworksBuildPhase section */
		C2930376254C32B900708DB3 /* Frameworks */ = {
			isa = PBXFrameworksBuildPhase;
			buildActionMask = 2147483647;
			files = (
			);
			runOnlyForDeploymentPostprocessing = 0;
		};
		C293038C254C32BA00708DB3 /* Frameworks */ = {
			isa = PBXFrameworksBuildPhase;
			buildActionMask = 2147483647;
			files = (
			);
			runOnlyForDeploymentPostprocessing = 0;
		};
		C2930397254C32BA00708DB3 /* Frameworks */ = {
			isa = PBXFrameworksBuildPhase;
			buildActionMask = 2147483647;
			files = (
			);
			runOnlyForDeploymentPostprocessing = 0;
		};
/* End PBXFrameworksBuildPhase section */

/* Begin PBXGroup section */
		C2930370254C32B900708DB3 = {
			isa = PBXGroup;
			children = (
				C293037B254C32B900708DB3 /* SwiftOAuth2Client */,
				C2930392254C32BA00708DB3 /* SwiftOAuth2ClientTests */,
				C293039D254C32BA00708DB3 /* SwiftOAuth2ClientUITests */,
				C293037A254C32B900708DB3 /* Products */,
			);
			sourceTree = "<group>";
		};
		C293037A254C32B900708DB3 /* Products */ = {
			isa = PBXGroup;
			children = (
				C2930379254C32B900708DB3 /* SwiftOAuth2Client.app */,
				C293038F254C32BA00708DB3 /* SwiftOAuth2ClientTests.xctest */,
				C293039A254C32BA00708DB3 /* SwiftOAuth2ClientUITests.xctest */,
			);
			name = Products;
			sourceTree = "<group>";
		};
		C293037B254C32B900708DB3 /* SwiftOAuth2Client */ = {
			isa = PBXGroup;
			children = (
				C293037C254C32B900708DB3 /* PJCAppDelegate.swift */,
				C293037E254C32B900708DB3 /* PJCSceneDelegate.swift */,
				C29303B3254C331200708DB3 /* Extension */,
				C29303B2254C331200708DB3 /* Class */,
				C2930385254C32BA00708DB3 /* Assets.xcassets */,
				C2930382254C32B900708DB3 /* Main.storyboard */,
				C2930387254C32BA00708DB3 /* LaunchScreen.storyboard */,
				C293038A254C32BA00708DB3 /* Info.plist */,
			);
			path = SwiftOAuth2Client;
			sourceTree = "<group>";
		};
		C2930392254C32BA00708DB3 /* SwiftOAuth2ClientTests */ = {
			isa = PBXGroup;
			children = (
				C2930393254C32BA00708DB3 /* SwiftOAuth2ClientTests.swift */,
				C2930395254C32BA00708DB3 /* Info.plist */,
			);
			path = SwiftOAuth2ClientTests;
			sourceTree = "<group>";
		};
		C293039D254C32BA00708DB3 /* SwiftOAuth2ClientUITests */ = {
			isa = PBXGroup;
			children = (
				C293039E254C32BA00708DB3 /* SwiftOAuth2ClientUITests.swift */,
				C29303A0254C32BA00708DB3 /* Info.plist */,
			);
			path = SwiftOAuth2ClientUITests;
			sourceTree = "<group>";
		};
		C29303B2254C331200708DB3 /* Class */ = {
			isa = PBXGroup;
			children = (
				C2930449254C620A00708DB3 /* Security */,
				C29303E0254C359500708DB3 /* API */,
				C29303CB254C350100708DB3 /* Network */,
				C29303BE254C334A00708DB3 /* Controller */,
				C29303BF254C334A00708DB3 /* View */,
			);
			path = Class;
			sourceTree = "<group>";
		};
		C29303B3254C331200708DB3 /* Extension */ = {
			isa = PBXGroup;
			children = (
				C29303D7254C353400708DB3 /* Foundation+Additions.swift */,
				C29303D9254C353500708DB3 /* UIKit+Additions.swift */,
				C29303D8254C353400708DB3 /* URLSession+Additions.swift */,
			);
			path = Extension;
			sourceTree = "<group>";
		};
		C29303BE254C334A00708DB3 /* Controller */ = {
			isa = PBXGroup;
			children = (
				C2930380254C32B900708DB3 /* PJCOAuth2ViewController.swift */,
			);
			path = Controller;
			sourceTree = "<group>";
		};
		C29303BF254C334A00708DB3 /* View */ = {
			isa = PBXGroup;
			children = (
				C29303C3254C342A00708DB3 /* PJCOAuth2View.swift */,
			);
			path = View;
			sourceTree = "<group>";
		};
		C29303CB254C350100708DB3 /* Network */ = {
			isa = PBXGroup;
			children = (
				C29303CD254C350100708DB3 /* PJCDataService.swift */,
				C29303CF254C350100708DB3 /* PJCDataService+Additions.swift */,
				C29303CE254C350100708DB3 /* PJCDataServiceJSONConsumer.swift */,
				C2E848E42566AA3E00E35CC9 /* PJCDataServiceConsumer.swift */,
				C2E848D025669EBC00E35CC9 /* PJCDataServiceConsumer+Additions.swift */,
			);
			path = Network;
			sourceTree = "<group>";
		};
		C29303E0254C359500708DB3 /* API */ = {
			isa = PBXGroup;
			children = (
				C29303E6254C359500708DB3 /* PJCEnvironment.swift */,
				C2B077AF2555C7DC001F5B72 /* PJCEndpoint.swift */,
				C29303E1254C359500708DB3 /* PJCAPI.swift */,
				C293043E254C576200708DB3 /* PJCOAuth2Service.swift */,
				C215D36625586CD5004F3A77 /* PJCOAuth2Service+Additions.swift */,
				C2930439254C542600708DB3 /* PJCOAuth2ConsentService.swift */,
				C215D38025598CE3004F3A77 /* PJCOAuth2ConsentService+Additions.swift */,
				C274618A2558087A00661464 /* PJCOAuth2TokenService.swift */,
				C215D3882559A12C004F3A77 /* PJCOAuth2TokenService+Additions.swift */,
				C28FB2972565376600B29927 /* PJCOAuth2Controller.swift */,
			);
			path = API;
			sourceTree = "<group>";
		};
		C2930449254C620A00708DB3 /* Security */ = {
			isa = PBXGroup;
			children = (
				C293044A254C621900708DB3 /* PJCCrypto.swift */,
			);
			path = Security;
			sourceTree = "<group>";
		};
/* End PBXGroup section */

/* Begin PBXNativeTarget section */
		C2930378254C32B900708DB3 /* SwiftOAuth2Client */ = {
			isa = PBXNativeTarget;
			buildConfigurationList = C29303A3254C32BA00708DB3 /* Build configuration list for PBXNativeTarget "SwiftOAuth2Client" */;
			buildPhases = (
				C2930375254C32B900708DB3 /* Sources */,
				C2930376254C32B900708DB3 /* Frameworks */,
				C2930377254C32B900708DB3 /* Resources */,
			);
			buildRules = (
			);
			dependencies = (
			);
			name = SwiftOAuth2Client;
			productName = SwiftOAuth2Client;
			productReference = C2930379254C32B900708DB3 /* SwiftOAuth2Client.app */;
			productType = "com.apple.product-type.application";
		};
		C293038E254C32BA00708DB3 /* SwiftOAuth2ClientTests */ = {
			isa = PBXNativeTarget;
			buildConfigurationList = C29303A6254C32BA00708DB3 /* Build configuration list for PBXNativeTarget "SwiftOAuth2ClientTests" */;
			buildPhases = (
				C293038B254C32BA00708DB3 /* Sources */,
				C293038C254C32BA00708DB3 /* Frameworks */,
				C293038D254C32BA00708DB3 /* Resources */,
			);
			buildRules = (
			);
			dependencies = (
				C2930391254C32BA00708DB3 /* PBXTargetDependency */,
			);
			name = SwiftOAuth2ClientTests;
			productName = SwiftOAuth2ClientTests;
			productReference = C293038F254C32BA00708DB3 /* SwiftOAuth2ClientTests.xctest */;
			productType = "com.apple.product-type.bundle.unit-test";
		};
		C2930399254C32BA00708DB3 /* SwiftOAuth2ClientUITests */ = {
			isa = PBXNativeTarget;
			buildConfigurationList = C29303A9254C32BA00708DB3 /* Build configuration list for PBXNativeTarget "SwiftOAuth2ClientUITests" */;
			buildPhases = (
				C2930396254C32BA00708DB3 /* Sources */,
				C2930397254C32BA00708DB3 /* Frameworks */,
				C2930398254C32BA00708DB3 /* Resources */,
			);
			buildRules = (
			);
			dependencies = (
				C293039C254C32BA00708DB3 /* PBXTargetDependency */,
			);
			name = SwiftOAuth2ClientUITests;
			productName = SwiftOAuth2ClientUITests;
			productReference = C293039A254C32BA00708DB3 /* SwiftOAuth2ClientUITests.xctest */;
			productType = "com.apple.product-type.bundle.ui-testing";
		};
/* End PBXNativeTarget section */

/* Begin PBXProject section */
		C2930371254C32B900708DB3 /* Project object */ = {
			isa = PBXProject;
			attributes = {
				LastSwiftUpdateCheck = 1210;
				LastUpgradeCheck = 1210;
				TargetAttributes = {
					C2930378254C32B900708DB3 = {
						CreatedOnToolsVersion = 12.1;
					};
					C293038E254C32BA00708DB3 = {
						CreatedOnToolsVersion = 12.1;
						TestTargetID = C2930378254C32B900708DB3;
					};
					C2930399254C32BA00708DB3 = {
						CreatedOnToolsVersion = 12.1;
						TestTargetID = C2930378254C32B900708DB3;
					};
				};
			};
			buildConfigurationList = C2930374254C32B900708DB3 /* Build configuration list for PBXProject "SwiftOAuth2Client" */;
			compatibilityVersion = "Xcode 9.3";
			developmentRegion = en;
			hasScannedForEncodings = 0;
			knownRegions = (
				en,
				Base,
			);
			mainGroup = C2930370254C32B900708DB3;
			productRefGroup = C293037A254C32B900708DB3 /* Products */;
			projectDirPath = "";
			projectRoot = "";
			targets = (
				C2930378254C32B900708DB3 /* SwiftOAuth2Client */,
				C293038E254C32BA00708DB3 /* SwiftOAuth2ClientTests */,
				C2930399254C32BA00708DB3 /* SwiftOAuth2ClientUITests */,
			);
		};
/* End PBXProject section */

/* Begin PBXResourcesBuildPhase section */
		C2930377254C32B900708DB3 /* Resources */ = {
			isa = PBXResourcesBuildPhase;
			buildActionMask = 2147483647;
			files = (
				C2930389254C32BA00708DB3 /* LaunchScreen.storyboard in Resources */,
				C2930386254C32BA00708DB3 /* Assets.xcassets in Resources */,
				C2930384254C32B900708DB3 /* Main.storyboard in Resources */,
			);
			runOnlyForDeploymentPostprocessing = 0;
		};
		C293038D254C32BA00708DB3 /* Resources */ = {
			isa = PBXResourcesBuildPhase;
			buildActionMask = 2147483647;
			files = (
			);
			runOnlyForDeploymentPostprocessing = 0;
		};
		C2930398254C32BA00708DB3 /* Resources */ = {
			isa = PBXResourcesBuildPhase;
			buildActionMask = 2147483647;
			files = (
			);
			runOnlyForDeploymentPostprocessing = 0;
		};
/* End PBXResourcesBuildPhase section */

/* Begin PBXSourcesBuildPhase section */
		C2930375254C32B900708DB3 /* Sources */ = {
			isa = PBXSourcesBuildPhase;
			buildActionMask = 2147483647;
			files = (
				C2E848E52566AA3E00E35CC9 /* PJCDataServiceConsumer.swift in Sources */,
				C29303DC254C353500708DB3 /* UIKit+Additions.swift in Sources */,
				C29303D3254C350100708DB3 /* PJCDataService+Additions.swift in Sources */,
				C215D38125598CE3004F3A77 /* PJCOAuth2ConsentService+Additions.swift in Sources */,
				C29303D1254C350100708DB3 /* PJCDataService.swift in Sources */,
				C293043F254C576200708DB3 /* PJCOAuth2Service.swift in Sources */,
				C29303F1254C359500708DB3 /* PJCEnvironment.swift in Sources */,
				C2E848D125669EBC00E35CC9 /* PJCDataServiceConsumer+Additions.swift in Sources */,
				C293043A254C542600708DB3 /* PJCOAuth2ConsentService.swift in Sources */,
				C215D36725586CD5004F3A77 /* PJCOAuth2Service+Additions.swift in Sources */,
				C28FB2982565376600B29927 /* PJCOAuth2Controller.swift in Sources */,
				C29303C4254C342A00708DB3 /* PJCOAuth2View.swift in Sources */,
				C2930381254C32B900708DB3 /* PJCOAuth2ViewController.swift in Sources */,
				C29303EC254C359500708DB3 /* PJCAPI.swift in Sources */,
				C293037D254C32B900708DB3 /* PJCAppDelegate.swift in Sources */,
				C2B077B02555C7DC001F5B72 /* PJCEndpoint.swift in Sources */,
				C29303DB254C353500708DB3 /* URLSession+Additions.swift in Sources */,
				C293044B254C621900708DB3 /* PJCCrypto.swift in Sources */,
				C29303DA254C353500708DB3 /* Foundation+Additions.swift in Sources */,
				C274618B2558087A00661464 /* PJCOAuth2TokenService.swift in Sources */,
				C293037F254C32B900708DB3 /* PJCSceneDelegate.swift in Sources */,
				C29303D2254C350100708DB3 /* PJCDataServiceJSONConsumer.swift in Sources */,
				C215D3892559A12C004F3A77 /* PJCOAuth2TokenService+Additions.swift in Sources */,
			);
			runOnlyForDeploymentPostprocessing = 0;
		};
		C293038B254C32BA00708DB3 /* Sources */ = {
			isa = PBXSourcesBuildPhase;
			buildActionMask = 2147483647;
			files = (
				C2930394254C32BA00708DB3 /* SwiftOAuth2ClientTests.swift in Sources */,
			);
			runOnlyForDeploymentPostprocessing = 0;
		};
		C2930396254C32BA00708DB3 /* Sources */ = {
			isa = PBXSourcesBuildPhase;
			buildActionMask = 2147483647;
			files = (
				C293039F254C32BA00708DB3 /* SwiftOAuth2ClientUITests.swift in Sources */,
			);
			runOnlyForDeploymentPostprocessing = 0;
		};
/* End PBXSourcesBuildPhase section */

/* Begin PBXTargetDependency section */
		C2930391254C32BA00708DB3 /* PBXTargetDependency */ = {
			isa = PBXTargetDependency;
			target = C2930378254C32B900708DB3 /* SwiftOAuth2Client */;
			targetProxy = C2930390254C32BA00708DB3 /* PBXContainerItemProxy */;
		};
		C293039C254C32BA00708DB3 /* PBXTargetDependency */ = {
			isa = PBXTargetDependency;
			target = C2930378254C32B900708DB3 /* SwiftOAuth2Client */;
			targetProxy = C293039B254C32BA00708DB3 /* PBXContainerItemProxy */;
		};
/* End PBXTargetDependency section */

/* Begin PBXVariantGroup section */
		C2930382254C32B900708DB3 /* Main.storyboard */ = {
			isa = PBXVariantGroup;
			children = (
				C2930383254C32B900708DB3 /* Base */,
			);
			name = Main.storyboard;
			sourceTree = "<group>";
		};
		C2930387254C32BA00708DB3 /* LaunchScreen.storyboard */ = {
			isa = PBXVariantGroup;
			children = (
				C2930388254C32BA00708DB3 /* Base */,
			);
			name = LaunchScreen.storyboard;
			sourceTree = "<group>";
		};
/* End PBXVariantGroup section */

/* Begin XCBuildConfiguration section */
		C29303A1254C32BA00708DB3 /* Debug */ = {
			isa = XCBuildConfiguration;
			buildSettings = {
				ALWAYS_SEARCH_USER_PATHS = NO;
				CLANG_ANALYZER_NONNULL = YES;
				CLANG_ANALYZER_NUMBER_OBJECT_CONVERSION = YES_AGGRESSIVE;
				CLANG_CXX_LANGUAGE_STANDARD = "gnu++14";
				CLANG_CXX_LIBRARY = "libc++";
				CLANG_ENABLE_MODULES = YES;
				CLANG_ENABLE_OBJC_ARC = YES;
				CLANG_ENABLE_OBJC_WEAK = YES;
				CLANG_WARN_BLOCK_CAPTURE_AUTORELEASING = YES;
				CLANG_WARN_BOOL_CONVERSION = YES;
				CLANG_WARN_COMMA = YES;
				CLANG_WARN_CONSTANT_CONVERSION = YES;
				CLANG_WARN_DEPRECATED_OBJC_IMPLEMENTATIONS = YES;
				CLANG_WARN_DIRECT_OBJC_ISA_USAGE = YES_ERROR;
				CLANG_WARN_DOCUMENTATION_COMMENTS = YES;
				CLANG_WARN_EMPTY_BODY = YES;
				CLANG_WARN_ENUM_CONVERSION = YES;
				CLANG_WARN_INFINITE_RECURSION = YES;
				CLANG_WARN_INT_CONVERSION = YES;
				CLANG_WARN_NON_LITERAL_NULL_CONVERSION = YES;
				CLANG_WARN_OBJC_IMPLICIT_RETAIN_SELF = YES;
				CLANG_WARN_OBJC_LITERAL_CONVERSION = YES;
				CLANG_WARN_OBJC_ROOT_CLASS = YES_ERROR;
				CLANG_WARN_QUOTED_INCLUDE_IN_FRAMEWORK_HEADER = YES;
				CLANG_WARN_RANGE_LOOP_ANALYSIS = YES;
				CLANG_WARN_STRICT_PROTOTYPES = YES;
				CLANG_WARN_SUSPICIOUS_MOVE = YES;
				CLANG_WARN_UNGUARDED_AVAILABILITY = YES_AGGRESSIVE;
				CLANG_WARN_UNREACHABLE_CODE = YES;
				CLANG_WARN__DUPLICATE_METHOD_MATCH = YES;
				COPY_PHASE_STRIP = NO;
				DEBUG_INFORMATION_FORMAT = dwarf;
				ENABLE_STRICT_OBJC_MSGSEND = YES;
				ENABLE_TESTABILITY = YES;
				GCC_C_LANGUAGE_STANDARD = gnu11;
				GCC_DYNAMIC_NO_PIC = NO;
				GCC_NO_COMMON_BLOCKS = YES;
				GCC_OPTIMIZATION_LEVEL = 0;
				GCC_PREPROCESSOR_DEFINITIONS = (
					"DEBUG=1",
					"$(inherited)",
				);
				GCC_WARN_64_TO_32_BIT_CONVERSION = YES;
				GCC_WARN_ABOUT_RETURN_TYPE = YES_ERROR;
				GCC_WARN_UNDECLARED_SELECTOR = YES;
				GCC_WARN_UNINITIALIZED_AUTOS = YES_AGGRESSIVE;
				GCC_WARN_UNUSED_FUNCTION = YES;
				GCC_WARN_UNUSED_VARIABLE = YES;
				IPHONEOS_DEPLOYMENT_TARGET = 14.1;
				MTL_ENABLE_DEBUG_INFO = INCLUDE_SOURCE;
				MTL_FAST_MATH = YES;
				ONLY_ACTIVE_ARCH = YES;
				SDKROOT = iphoneos;
				SWIFT_ACTIVE_COMPILATION_CONDITIONS = DEBUG;
				SWIFT_OPTIMIZATION_LEVEL = "-Onone";
			};
			name = Debug;
		};
		C29303A2254C32BA00708DB3 /* Release */ = {
			isa = XCBuildConfiguration;
			buildSettings = {
				ALWAYS_SEARCH_USER_PATHS = NO;
				CLANG_ANALYZER_NONNULL = YES;
				CLANG_ANALYZER_NUMBER_OBJECT_CONVERSION = YES_AGGRESSIVE;
				CLANG_CXX_LANGUAGE_STANDARD = "gnu++14";
				CLANG_CXX_LIBRARY = "libc++";
				CLANG_ENABLE_MODULES = YES;
				CLANG_ENABLE_OBJC_ARC = YES;
				CLANG_ENABLE_OBJC_WEAK = YES;
				CLANG_WARN_BLOCK_CAPTURE_AUTORELEASING = YES;
				CLANG_WARN_BOOL_CONVERSION = YES;
				CLANG_WARN_COMMA = YES;
				CLANG_WARN_CONSTANT_CONVERSION = YES;
				CLANG_WARN_DEPRECATED_OBJC_IMPLEMENTATIONS = YES;
				CLANG_WARN_DIRECT_OBJC_ISA_USAGE = YES_ERROR;
				CLANG_WARN_DOCUMENTATION_COMMENTS = YES;
				CLANG_WARN_EMPTY_BODY = YES;
				CLANG_WARN_ENUM_CONVERSION = YES;
				CLANG_WARN_INFINITE_RECURSION = YES;
				CLANG_WARN_INT_CONVERSION = YES;
				CLANG_WARN_NON_LITERAL_NULL_CONVERSION = YES;
				CLANG_WARN_OBJC_IMPLICIT_RETAIN_SELF = YES;
				CLANG_WARN_OBJC_LITERAL_CONVERSION = YES;
				CLANG_WARN_OBJC_ROOT_CLASS = YES_ERROR;
				CLANG_WARN_QUOTED_INCLUDE_IN_FRAMEWORK_HEADER = YES;
				CLANG_WARN_RANGE_LOOP_ANALYSIS = YES;
				CLANG_WARN_STRICT_PROTOTYPES = YES;
				CLANG_WARN_SUSPICIOUS_MOVE = YES;
				CLANG_WARN_UNGUARDED_AVAILABILITY = YES_AGGRESSIVE;
				CLANG_WARN_UNREACHABLE_CODE = YES;
				CLANG_WARN__DUPLICATE_METHOD_MATCH = YES;
				COPY_PHASE_STRIP = NO;
				DEBUG_INFORMATION_FORMAT = "dwarf-with-dsym";
				ENABLE_NS_ASSERTIONS = NO;
				ENABLE_STRICT_OBJC_MSGSEND = YES;
				GCC_C_LANGUAGE_STANDARD = gnu11;
				GCC_NO_COMMON_BLOCKS = YES;
				GCC_WARN_64_TO_32_BIT_CONVERSION = YES;
				GCC_WARN_ABOUT_RETURN_TYPE = YES_ERROR;
				GCC_WARN_UNDECLARED_SELECTOR = YES;
				GCC_WARN_UNINITIALIZED_AUTOS = YES_AGGRESSIVE;
				GCC_WARN_UNUSED_FUNCTION = YES;
				GCC_WARN_UNUSED_VARIABLE = YES;
				IPHONEOS_DEPLOYMENT_TARGET = 14.1;
				MTL_ENABLE_DEBUG_INFO = NO;
				MTL_FAST_MATH = YES;
				SDKROOT = iphoneos;
				SWIFT_COMPILATION_MODE = wholemodule;
				SWIFT_OPTIMIZATION_LEVEL = "-O";
				VALIDATE_PRODUCT = YES;
			};
			name = Release;
		};
		C29303A4254C32BA00708DB3 /* Debug */ = {
			isa = XCBuildConfiguration;
			buildSettings = {
				ASSETCATALOG_COMPILER_APPICON_NAME = AppIcon;
				ASSETCATALOG_COMPILER_GLOBAL_ACCENT_COLOR_NAME = AccentColor;
				CODE_SIGN_STYLE = Automatic;
				DEVELOPMENT_TEAM = 94M3Z6LE6G;
				INFOPLIST_FILE = SwiftOAuth2Client/Info.plist;
				LD_RUNPATH_SEARCH_PATHS = (
					"$(inherited)",
					"@executable_path/Frameworks",
				);
				PRODUCT_BUNDLE_IDENTIFIER = "com.spencers-dm.researchAndDevelopment";
				PRODUCT_NAME = "$(TARGET_NAME)";
				SWIFT_VERSION = 5.0;
				TARGETED_DEVICE_FAMILY = 1;
			};
			name = Debug;
		};
		C29303A5254C32BA00708DB3 /* Release */ = {
			isa = XCBuildConfiguration;
			buildSettings = {
				ASSETCATALOG_COMPILER_APPICON_NAME = AppIcon;
				ASSETCATALOG_COMPILER_GLOBAL_ACCENT_COLOR_NAME = AccentColor;
				CODE_SIGN_STYLE = Automatic;
				DEVELOPMENT_TEAM = 94M3Z6LE6G;
				INFOPLIST_FILE = SwiftOAuth2Client/Info.plist;
				LD_RUNPATH_SEARCH_PATHS = (
					"$(inherited)",
					"@executable_path/Frameworks",
				);
				PRODUCT_BUNDLE_IDENTIFIER = "com.spencers-dm.researchAndDevelopment";
				PRODUCT_NAME = "$(TARGET_NAME)";
				SWIFT_VERSION = 5.0;
				TARGETED_DEVICE_FAMILY = 1;
			};
			name = Release;
		};
		C29303A7254C32BA00708DB3 /* Debug */ = {
			isa = XCBuildConfiguration;
			buildSettings = {
				ALWAYS_EMBED_SWIFT_STANDARD_LIBRARIES = YES;
				BUNDLE_LOADER = "$(TEST_HOST)";
				CODE_SIGN_STYLE = Automatic;
				DEVELOPMENT_TEAM = 94M3Z6LE6G;
				INFOPLIST_FILE = SwiftOAuth2ClientTests/Info.plist;
				IPHONEOS_DEPLOYMENT_TARGET = 14.1;
				LD_RUNPATH_SEARCH_PATHS = (
					"$(inherited)",
					"@executable_path/Frameworks",
					"@loader_path/Frameworks",
				);
				PRODUCT_BUNDLE_IDENTIFIER = "com.spencers-dm.SwiftOAuth2ClientTests";
				PRODUCT_NAME = "$(TARGET_NAME)";
				SWIFT_VERSION = 5.0;
				TARGETED_DEVICE_FAMILY = "1,2";
				TEST_HOST = "$(BUILT_PRODUCTS_DIR)/SwiftOAuth2Client.app/SwiftOAuth2Client";
			};
			name = Debug;
		};
		C29303A8254C32BA00708DB3 /* Release */ = {
			isa = XCBuildConfiguration;
			buildSettings = {
				ALWAYS_EMBED_SWIFT_STANDARD_LIBRARIES = YES;
				BUNDLE_LOADER = "$(TEST_HOST)";
				CODE_SIGN_STYLE = Automatic;
				DEVELOPMENT_TEAM = 94M3Z6LE6G;
				INFOPLIST_FILE = SwiftOAuth2ClientTests/Info.plist;
				IPHONEOS_DEPLOYMENT_TARGET = 14.1;
				LD_RUNPATH_SEARCH_PATHS = (
					"$(inherited)",
					"@executable_path/Frameworks",
					"@loader_path/Frameworks",
				);
				PRODUCT_BUNDLE_IDENTIFIER = "com.spencers-dm.SwiftOAuth2ClientTests";
				PRODUCT_NAME = "$(TARGET_NAME)";
				SWIFT_VERSION = 5.0;
				TARGETED_DEVICE_FAMILY = "1,2";
				TEST_HOST = "$(BUILT_PRODUCTS_DIR)/SwiftOAuth2Client.app/SwiftOAuth2Client";
			};
			name = Release;
		};
		C29303AA254C32BA00708DB3 /* Debug */ = {
			isa = XCBuildConfiguration;
			buildSettings = {
				ALWAYS_EMBED_SWIFT_STANDARD_LIBRARIES = YES;
				CODE_SIGN_STYLE = Automatic;
				DEVELOPMENT_TEAM = 94M3Z6LE6G;
				INFOPLIST_FILE = SwiftOAuth2ClientUITests/Info.plist;
				LD_RUNPATH_SEARCH_PATHS = (
					"$(inherited)",
					"@executable_path/Frameworks",
					"@loader_path/Frameworks",
				);
				PRODUCT_BUNDLE_IDENTIFIER = "com.spencers-dm.SwiftOAuth2ClientUITests";
				PRODUCT_NAME = "$(TARGET_NAME)";
				SWIFT_VERSION = 5.0;
				TARGETED_DEVICE_FAMILY = "1,2";
				TEST_TARGET_NAME = SwiftOAuth2Client;
			};
			name = Debug;
		};
		C29303AB254C32BA00708DB3 /* Release */ = {
			isa = XCBuildConfiguration;
			buildSettings = {
				ALWAYS_EMBED_SWIFT_STANDARD_LIBRARIES = YES;
				CODE_SIGN_STYLE = Automatic;
				DEVELOPMENT_TEAM = 94M3Z6LE6G;
				INFOPLIST_FILE = SwiftOAuth2ClientUITests/Info.plist;
				LD_RUNPATH_SEARCH_PATHS = (
					"$(inherited)",
					"@executable_path/Frameworks",
					"@loader_path/Frameworks",
				);
				PRODUCT_BUNDLE_IDENTIFIER = "com.spencers-dm.SwiftOAuth2ClientUITests";
				PRODUCT_NAME = "$(TARGET_NAME)";
				SWIFT_VERSION = 5.0;
				TARGETED_DEVICE_FAMILY = "1,2";
				TEST_TARGET_NAME = SwiftOAuth2Client;
			};
			name = Release;
		};
/* End XCBuildConfiguration section */

/* Begin XCConfigurationList section */
		C2930374254C32B900708DB3 /* Build configuration list for PBXProject "SwiftOAuth2Client" */ = {
			isa = XCConfigurationList;
			buildConfigurations = (
				C29303A1254C32BA00708DB3 /* Debug */,
				C29303A2254C32BA00708DB3 /* Release */,
			);
			defaultConfigurationIsVisible = 0;
			defaultConfigurationName = Release;
		};
		C29303A3254C32BA00708DB3 /* Build configuration list for PBXNativeTarget "SwiftOAuth2Client" */ = {
			isa = XCConfigurationList;
			buildConfigurations = (
				C29303A4254C32BA00708DB3 /* Debug */,
				C29303A5254C32BA00708DB3 /* Release */,
			);
			defaultConfigurationIsVisible = 0;
			defaultConfigurationName = Release;
		};
		C29303A6254C32BA00708DB3 /* Build configuration list for PBXNativeTarget "SwiftOAuth2ClientTests" */ = {
			isa = XCConfigurationList;
			buildConfigurations = (
				C29303A7254C32BA00708DB3 /* Debug */,
				C29303A8254C32BA00708DB3 /* Release */,
			);
			defaultConfigurationIsVisible = 0;
			defaultConfigurationName = Release;
		};
		C29303A9254C32BA00708DB3 /* Build configuration list for PBXNativeTarget "SwiftOAuth2ClientUITests" */ = {
			isa = XCConfigurationList;
			buildConfigurations = (
				C29303AA254C32BA00708DB3 /* Debug */,
				C29303AB254C32BA00708DB3 /* Release */,
			);
			defaultConfigurationIsVisible = 0;
			defaultConfigurationName = Release;
		};
/* End XCConfigurationList section */
	};
	rootObject = C2930371254C32B900708DB3 /* Project object */;
}
